
Microsoft Visual Studio Solution File, Format Version 12.00
# Visual Studio Version 16
VisualStudioVersion = 16.0.32901.82
MinimumVisualStudioVersion = 10.0.40219.1
Project("{FAE04EC0-301F-11D3-BF4B-00C04F79EFBC}") = "WebAppquizbox", "WebAppquizbox\WebAppquizbox.csproj", "{33E4DD1F-138E-4B54-BA70-6FED61E116A9}"
EndProject
Global
	GlobalSection(SolutionConfigurationPlatforms) = preSolution
		Debug|Any CPU = Debug|Any CPU
		Release|Any CPU = Release|Any CPU
	EndGlobalSection
	GlobalSection(ProjectConfigurationPlatforms) = postSolution
		{33E4DD1F-138E-4B54-BA70-6FED61E116A9}.Debug|Any CPU.ActiveCfg = Debug|Any CPU
		{33E4DD1F-138E-4B54-BA70-6FED61E116A9}.Debug|Any CPU.Build.0 = Debug|Any CPU
		{33E4DD1F-138E-4B54-BA70-6FED61E116A9}.Release|Any CPU.ActiveCfg = Release|Any CPU
		{33E4DD1F-138E-4B54-BA70-6FED61E116A9}.Release|Any CPU.Build.0 = Release|Any CPU
	EndGlobalSection
	GlobalSection(SolutionProperties) = preSolution
		HideSolutionNode = FALSE
	EndGlobalSection
	GlobalSection(ExtensibilityGlobals) = postSolution
		SolutionGuid = {D7C8363A-91DB-478A-ABB4-6AC00DD88018}
	EndGlobalSection
EndGlobal
